
Microsoft Visual Studio Solution File, Format Version 12.00
# Visual Studio Version 16
VisualStudioVersion = 16.0.29215.179
MinimumVisualStudioVersion = 10.0.40219.1
Project("{FAE04EC0-301F-11D3-BF4B-00C04F79EFBC}") = "Calculadora", "Calculadora\Calculadora.csproj", "{13C0D7E4-7D28-466A-ACEA-0694F0ADE480}"
EndProject
Global
	GlobalSection(SolutionConfigurationPlatforms) = preSolution
		Debug|Any CPU = Debug|Any CPU
		Release|Any CPU = Release|Any CPU
	EndGlobalSection
	GlobalSection(ProjectConfigurationPlatforms) = postSolution
		{13C0D7E4-7D28-466A-ACEA-0694F0ADE480}.Debug|Any CPU.ActiveCfg = Debug|Any CPU
		{13C0D7E4-7D28-466A-ACEA-0694F0ADE480}.Debug|Any CPU.Build.0 = Debug|Any CPU
		{13C0D7E4-7D28-466A-ACEA-0694F0ADE480}.Release|Any CPU.ActiveCfg = Release|Any CPU
		{13C0D7E4-7D28-466A-ACEA-0694F0ADE480}.Release|Any CPU.Build.0 = Release|Any CPU
	EndGlobalSection
	GlobalSection(SolutionProperties) = preSolution
		HideSolutionNode = FALSE
	EndGlobalSection
	GlobalSection(ExtensibilityGlobals) = postSolution
		SolutionGuid = {17FCF846-D7A4-44FB-81D6-6765A7C88996}
	EndGlobalSection
EndGlobal
